
Microsoft Visual Studio Solution File, Format Version 12.00
# Visual Studio Version 17
VisualStudioVersion = 17.14.36203.30 d17.14
MinimumVisualStudioVersion = 10.0.40219.1
Project("{FAE04EC0-301F-11D3-BF4B-00C04F79EFBC}") = "GarXmlParser", "GarXmlParser.csproj", "{0345554E-AB81-4FDC-B8CD-6875DCEC39BD}"
EndProject
Project("{FAE04EC0-301F-11D3-BF4B-00C04F79EFBC}") = "GarXmlParserConsole", "..\GarXmlParserConsole\GarXmlParserConsole.csproj", "{C17852E8-5399-4071-B52F-B048BFB4808C}"
EndProject
Global
	GlobalSection(SolutionConfigurationPlatforms) = preSolution
		Debug|Any CPU = Debug|Any CPU
		Release|Any CPU = Release|Any CPU
	EndGlobalSection
	GlobalSection(ProjectConfigurationPlatforms) = postSolution
		{0345554E-AB81-4FDC-B8CD-6875DCEC39BD}.Debug|Any CPU.ActiveCfg = Debug|Any CPU
		{0345554E-AB81-4FDC-B8CD-6875DCEC39BD}.Debug|Any CPU.Build.0 = Debug|Any CPU
		{0345554E-AB81-4FDC-B8CD-6875DCEC39BD}.Release|Any CPU.ActiveCfg = Release|Any CPU
		{0345554E-AB81-4FDC-B8CD-6875DCEC39BD}.Release|Any CPU.Build.0 = Release|Any CPU
		{C17852E8-5399-4071-B52F-B048BFB4808C}.Debug|Any CPU.ActiveCfg = Debug|Any CPU
		{C17852E8-5399-4071-B52F-B048BFB4808C}.Debug|Any CPU.Build.0 = Debug|Any CPU
		{C17852E8-5399-4071-B52F-B048BFB4808C}.Release|Any CPU.ActiveCfg = Release|Any CPU
		{C17852E8-5399-4071-B52F-B048BFB4808C}.Release|Any CPU.Build.0 = Release|Any CPU
	EndGlobalSection
	GlobalSection(SolutionProperties) = preSolution
		HideSolutionNode = FALSE
	EndGlobalSection
	GlobalSection(ExtensibilityGlobals) = postSolution
		SolutionGuid = {679351C0-F2F8-4E95-9A24-F1E0F5222AD5}
	EndGlobalSection
EndGlobal
